{
  "nodes": {
    "blink-cmp": {
      "inputs": {
        "fenix": "fenix",
        "flake-parts": "flake-parts_3",
        "nixpkgs": "nixpkgs"
      },
      "locked": {
        "lastModified": 1776635333,
        "narHash": "sha256-/vLok7aUhnRmUv12dVDK8HyZG6ANSXSRzc3f9JNzEsQ=",
        "owner": "Saghen",
        "repo": "blink.cmp",
        "rev": "90d14caca4ae557665ab105080c27d5f289a2e30",
        "type": "github"
      },
      "original": {
        "owner": "Saghen",
        "repo": "blink.cmp",
        "type": "github"
      }
    },
    "blink-emoji-nvim": {
      "flake": false,
      "locked": {
        "lastModified": 1775942320,
        "narHash": "sha256-qBJ0zwkKlxZ6S6VzMusm9CCKx+EN1YOaBfdMb7xKQ5A=",
        "owner": "moyiz",
        "repo": "blink-emoji.nvim",
        "rev": "dff709139ad5389fb55ebab026e75278a12b325a",
        "type": "github"
      },
      "original": {
        "owner": "moyiz",
        "repo": "blink-emoji.nvim",
        "type": "github"
      }
    },
    "brew-api": {
      "flake": false,
      "locked": {
        "lastModified": 1776692035,
        "narHash": "sha256-EdLl7Ay/4SLogkGcgijs4RY97Pof9LaClgSP6sg/uA4=",
        "owner": "BatteredBunny",
        "repo": "brew-api",
        "rev": "d587b39b636229e6247c4bf6719930b148d16463",
        "type": "github"
      },
      "original": {
        "owner": "BatteredBunny",
        "repo": "brew-api",
        "type": "github"
      }
    },
    "brew-nix": {
      "inputs": {
        "brew-api": "brew-api",
        "nix-darwin": [
          "nix-darwin"
        ],
        "nixpkgs": [
          "nixpkgs"
        ]
      },
      "locked": {
        "lastModified": 1776709403,
        "narHash": "sha256-uzycOBt6M7MU3DhS8WculF1GmDBp8I7REinqtZCVDUA=",
        "owner": "BatteredBunny",
        "repo": "brew-nix",
        "rev": "0457cb099ee50ce2587060acfaccf7362542e93a",
        "type": "github"
      },
      "original": {
        "owner": "BatteredBunny",
        "repo": "brew-nix",
        "type": "github"
      }
    },
    "bufdelete-nvim": {
      "flake": false,
      "locked": {
        "lastModified": 1708814161,
        "narHash": "sha256-ljUNfmpImtxFCS19HC9kFlaLlqaPDltKtnx1+/6Y33U=",
        "owner": "famiu",
        "repo": "bufdelete.nvim",
        "rev": "f6bcea78afb3060b198125256f897040538bcb81",
        "type": "github"
      },
      "original": {
        "owner": "famiu",
        "repo": "bufdelete.nvim",
        "type": "github"
      }
    },
    "bun2nix": {
      "inputs": {
        "flake-parts": "flake-parts",
        "import-tree": "import-tree",
        "nixpkgs": [
          "nixpkgs"
        ],
        "systems": "systems",
        "treefmt-nix": "treefmt-nix"
      },
      "locked": {
        "lastModified": 1770895533,
        "narHash": "sha256-v3QaK9ugy9bN9RXDnjw0i2OifKmz2NnKM82agtqm/UY=",
        "owner": "nix-community",
        "repo": "bun2nix",
        "rev": "c843f477b15f51151f8c6bcc886954699440a6e1",
        "type": "github"
      },
      "original": {
        "owner": "nix-community",
        "repo": "bun2nix",
        "type": "github"
      }
    },
    "claude-code-nix": {
      "inputs": {
        "flake-utils": "flake-utils",
        "nixpkgs": [
          "nixpkgs"
        ]
      },
      "locked": {
        "lastModified": 1776816577,
        "narHash": "sha256-2UjmJWKYdJbJx2J+fWz5+KAVqcO5PRCwQEU4uhhjAsI=",
        "owner": "sadjow",
        "repo": "claude-code-nix",
        "rev": "b80b5551dfc7bf94fd653a882f331c454d2092c6",
        "type": "github"
      },
      "original": {
        "owner": "sadjow",
        "repo": "claude-code-nix",
        "type": "github"
      }
    },
    "codex-cli-nix": {
      "inputs": {
        "flake-utils": "flake-utils_2",
        "nixpkgs": [
          "nixpkgs"
        ]
      },
      "locked": {
        "lastModified": 1776799156,
        "narHash": "sha256-qaMsAUfm5LMHJd/csXmp6xdESYFkyDKCjlx9QdxynVo=",
        "owner": "sadjow",
        "repo": "codex-cli-nix",
        "rev": "0c2a4f7df15f9f9f304a5aaa82660b42e177a422",
        "type": "github"
      },
      "original": {
        "owner": "sadjow",
        "repo": "codex-cli-nix",
        "type": "github"
      }
    },
    "colorful-menu-nvim": {
      "flake": false,
      "locked": {
        "lastModified": 1773653590,
        "narHash": "sha256-i/fN2/qtx/GUTXH9PxOpzNLQsyvU6BKnUFuYKZ29EWw=",
        "owner": "noib3",
        "repo": "colorful-menu.nvim",
        "rev": "fa628bff1444ce2caef62540c6fad931e25cfc69",
        "type": "github"
      },
      "original": {
        "owner": "noib3",
        "ref": "noib3",
        "repo": "colorful-menu.nvim",
        "type": "github"
      }
    },
    "comment-nvim": {
      "flake": false,
      "locked": {
        "lastModified": 1717957420,
        "narHash": "sha256-h0kPue5Eqd5aeu4VoLH45pF0DmWWo1d8SnLICSQ63zc=",
        "owner": "numToStr",
        "repo": "Comment.nvim",
        "rev": "e30b7f2008e52442154b66f7c519bfd2f1e32acb",
        "type": "github"
      },
      "original": {
        "owner": "numToStr",
        "repo": "Comment.nvim",
        "type": "github"
      }
    },
    "conform-nvim": {
      "flake": false,
      "locked": {
        "lastModified": 1773119871,
        "narHash": "sha256-aJIUkAcFdaOWBQ3HNLLvhqALzch0BqPUZPtb2cmIeCE=",
        "owner": "stevearc",
        "repo": "conform.nvim",
        "rev": "086a40dc7ed8242c03be9f47fbcee68699cc2395",
        "type": "github"
      },
      "original": {
        "owner": "stevearc",
        "repo": "conform.nvim",
        "type": "github"
      }
    },
    "copilot-lua": {
      "flake": false,
      "locked": {
        "lastModified": 1775725859,
        "narHash": "sha256-WME7jWuQ/QwOKgOD+AN5GfIwkcIo6FGSrFkDNP7Q6Wo=",
        "owner": "noib3",
        "repo": "copilot.lua",
        "rev": "653257d9201b2886b94999e6cd01bc6beee6f644",
        "type": "github"
      },
      "original": {
        "owner": "noib3",
        "ref": "fix-insert-special-key-passthrough",
        "repo": "copilot.lua",
        "type": "github"
      }
    },
    "crane": {
      "locked": {
        "lastModified": 1759893430,
        "narHash": "sha256-yAy4otLYm9iZ+NtQwTMEbqHwswSFUbhn7x826RR6djw=",
        "owner": "ipetkov",
        "repo": "crane",
        "rev": "1979a2524cb8c801520bd94c38bb3d5692419d93",
        "type": "github"
      },
      "original": {
        "owner": "ipetkov",
        "repo": "crane",
        "type": "github"
      }
    },
    "crates-nvim": {
      "flake": false,
      "locked": {
        "lastModified": 1776121071,
        "narHash": "sha256-+6rC+bticNgMhZ+2lkPpitunSv4nHmBzCIj6ngt7gaA=",
        "owner": "saecki",
        "repo": "crates.nvim",
        "rev": "694357861ec9ebf12475ddcdd04ea45a0923c32d",
        "type": "github"
      },
      "original": {
        "owner": "saecki",
        "repo": "crates.nvim",
        "type": "github"
      }
    },
    "fenix": {
      "inputs": {
        "nixpkgs": [
          "neovim",
          "blink-cmp",
          "nixpkgs"
        ],
        "rust-analyzer-src": "rust-analyzer-src"
      },
      "locked": {
        "lastModified": 1770102568,
        "narHash": "sha256-VYwA9FmakKJ3zLfAd7bdj9xIB9PzfISLoYh6eZl+EuQ=",
        "owner": "nix-community",
        "repo": "fenix",
        "rev": "592daa37b5a3175c61541329b64d6c1972303bc1",
        "type": "github"
      },
      "original": {
        "owner": "nix-community",
        "repo": "fenix",
        "type": "github"
      }
    },
    "flake-compat": {
      "flake": false,
      "locked": {
        "lastModified": 1747046372,
        "narHash": "sha256-CIVLLkVgvHYbgI2UpXvIIBJ12HWgX+fjA8Xf8PUmqCY=",
        "owner": "edolstra",
        "repo": "flake-compat",
        "rev": "9100a0f413b0c601e0533d1d94ffd501ce2e7885",
        "type": "github"
      },
      "original": {
        "owner": "edolstra",
        "repo": "flake-compat",
        "type": "github"
      }
    },
    "flake-compat_2": {
      "flake": false,
      "locked": {
        "lastModified": 1747046372,
        "narHash": "sha256-CIVLLkVgvHYbgI2UpXvIIBJ12HWgX+fjA8Xf8PUmqCY=",
        "owner": "edolstra",
        "repo": "flake-compat",
        "rev": "9100a0f413b0c601e0533d1d94ffd501ce2e7885",
        "type": "github"
      },
      "original": {
        "owner": "edolstra",
        "repo": "flake-compat",
        "type": "github"
      }
    },
    "flake-parts": {
      "inputs": {
        "nixpkgs-lib": "nixpkgs-lib"
      },
      "locked": {
        "lastModified": 1769996383,
        "narHash": "sha256-AnYjnFWgS49RlqX7LrC4uA+sCCDBj0Ry/WOJ5XWAsa0=",
        "owner": "hercules-ci",
        "repo": "flake-parts",
        "rev": "57928607ea566b5db3ad13af0e57e921e6b12381",
        "type": "github"
      },
      "original": {
        "owner": "hercules-ci",
        "repo": "flake-parts",
        "type": "github"
      }
    },
    "flake-parts_2": {
      "inputs": {
        "nixpkgs-lib": "nixpkgs-lib_2"
      },
      "locked": {
        "lastModified": 1775087534,
        "narHash": "sha256-91qqW8lhL7TLwgQWijoGBbiD4t7/q75KTi8NxjVmSmA=",
        "owner": "hercules-ci",
        "repo": "flake-parts",
        "rev": "3107b77cd68437b9a76194f0f7f9c55f2329ca5b",
        "type": "github"
      },
      "original": {
        "owner": "hercules-ci",
        "repo": "flake-parts",
        "type": "github"
      }
    },
    "flake-parts_3": {
      "inputs": {
        "nixpkgs-lib": "nixpkgs-lib_3"
      },
      "locked": {
        "lastModified": 1769996383,
        "narHash": "sha256-AnYjnFWgS49RlqX7LrC4uA+sCCDBj0Ry/WOJ5XWAsa0=",
        "owner": "hercules-ci",
        "repo": "flake-parts",
        "rev": "57928607ea566b5db3ad13af0e57e921e6b12381",
        "type": "github"
      },
      "original": {
        "owner": "hercules-ci",
        "repo": "flake-parts",
        "type": "github"
      }
    },
    "flake-parts_4": {
      "inputs": {
        "nixpkgs-lib": [
          "neovim",
          "nix-community-neovim",
          "nixpkgs"
        ]
      },
      "locked": {
        "lastModified": 1775087534,
        "narHash": "sha256-91qqW8lhL7TLwgQWijoGBbiD4t7/q75KTi8NxjVmSmA=",
        "owner": "hercules-ci",
        "repo": "flake-parts",
        "rev": "3107b77cd68437b9a76194f0f7f9c55f2329ca5b",
        "type": "github"
      },
      "original": {
        "owner": "hercules-ci",
        "repo": "flake-parts",
        "type": "github"
      }
    },
    "flake-parts_5": {
      "inputs": {
        "nixpkgs-lib": "nixpkgs-lib_4"
      },
      "locked": {
        "lastModified": 1759362264,
        "narHash": "sha256-wfG0S7pltlYyZTM+qqlhJ7GMw2fTF4mLKCIVhLii/4M=",
        "owner": "hercules-ci",
        "repo": "flake-parts",
        "rev": "758cf7296bee11f1706a574c77d072b8a7baa881",
        "type": "github"
      },
      "original": {
        "owner": "hercules-ci",
        "repo": "flake-parts",
        "type": "github"
      }
    },
    "flake-parts_6": {
      "inputs": {
        "nixpkgs-lib": "nixpkgs-lib_5"
      },
      "locked": {
        "lastModified": 1765835352,
        "narHash": "sha256-XswHlK/Qtjasvhd1nOa1e8MgZ8GS//jBoTqWtrS1Giw=",
        "owner": "hercules-ci",
        "repo": "flake-parts",
        "rev": "a34fae9c08a15ad73f295041fec82323541400a9",
        "type": "github"
      },
      "original": {
        "owner": "hercules-ci",
        "repo": "flake-parts",
        "type": "github"
      }
    },
    "flake-utils": {
      "inputs": {
        "systems": "systems_2"
      },
      "locked": {
        "lastModified": 1731533236,
        "narHash": "sha256-l0KFg5HjrsfsO/JpG+r7fRrqm12kzFHyUHqHCVpMMbI=",
        "owner": "numtide",
        "repo": "flake-utils",
        "rev": "11707dc2f618dd54ca8739b309ec4fc024de578b",
        "type": "github"
      },
      "original": {
        "owner": "numtide",
        "repo": "flake-utils",
        "type": "github"
      }
    },
    "flake-utils_2": {
      "inputs": {
        "systems": "systems_3"
      },
      "locked": {
        "lastModified": 1731533236,
        "narHash": "sha256-l0KFg5HjrsfsO/JpG+r7fRrqm12kzFHyUHqHCVpMMbI=",
        "owner": "numtide",
        "repo": "flake-utils",
        "rev": "11707dc2f618dd54ca8739b309ec4fc024de578b",
        "type": "github"
      },
      "original": {
        "owner": "numtide",
        "repo": "flake-utils",
        "type": "github"
      }
    },
    "fzf-lua": {
      "flake": false,
      "locked": {
        "lastModified": 1776835010,
        "narHash": "sha256-0q9oCkCXyvl3tXy7dpEyZJVREGBtScf52OoRMgfpG7Q=",
        "owner": "ibhagwan",
        "repo": "fzf-lua",
        "rev": "8223eb24a7adf72c4b24e04b751486b492775414",
        "type": "github"
      },
      "original": {
        "owner": "ibhagwan",
        "repo": "fzf-lua",
        "type": "github"
      }
    },
    "git-hooks": {
      "inputs": {
        "flake-compat": "flake-compat_2",
        "gitignore": "gitignore",
        "nixpkgs": [
          "neovim",
          "nomad",
          "neovim-nightly-overlay",
          "nixpkgs"
        ]
      },
      "locked": {
        "lastModified": 1760663237,
        "narHash": "sha256-BflA6U4AM1bzuRMR8QqzPXqh8sWVCNDzOdsxXEguJIc=",
        "owner": "cachix",
        "repo": "git-hooks.nix",
        "rev": "ca5b894d3e3e151ffc1db040b6ce4dcc75d31c37",
        "type": "github"
      },
      "original": {
        "owner": "cachix",
        "repo": "git-hooks.nix",
        "type": "github"
      }
    },
    "gitignore": {
      "inputs": {
        "nixpkgs": [
          "neovim",
          "nomad",
          "neovim-nightly-overlay",
          "git-hooks",
          "nixpkgs"
        ]
      },
      "locked": {
        "lastModified": 1709087332,
        "narHash": "sha256-HG2cCnktfHsKV0s4XW83gU3F57gaTljL9KNSuG6bnQs=",
        "owner": "hercules-ci",
        "repo": "gitignore.nix",
        "rev": "637db329424fd7e46cf4185293b9cc8c88c95394",
        "type": "github"
      },
      "original": {
        "owner": "hercules-ci",
        "repo": "gitignore.nix",
        "type": "github"
      }
    },
    "gitsigns-nvim": {
      "flake": false,
      "locked": {
        "lastModified": 1776668021,
        "narHash": "sha256-+pXpWJkI2OMheakH5NNtUpKJbq4LN2ejCEN9/Qaxh4Y=",
        "owner": "lewis6991",
        "repo": "gitsigns.nvim",
        "rev": "6d808f99bd63303646794406e270bd553ad7792e",
        "type": "github"
      },
      "original": {
        "owner": "lewis6991",
        "repo": "gitsigns.nvim",
        "type": "github"
      }
    },
    "gruvbox-nvim": {
      "flake": false,
      "locked": {
        "lastModified": 1776256962,
        "narHash": "sha256-SogU3DStdWDN6qRjOnbGzoZ9Vc+fqnNYZF7XEqFeMUw=",
        "owner": "ellisonleao",
        "repo": "gruvbox.nvim",
        "rev": "154eb5ff5b96d0641307113fa385eaf0d36d9796",
        "type": "github"
      },
      "original": {
        "owner": "ellisonleao",
        "repo": "gruvbox.nvim",
        "type": "github"
      }
    },
    "hercules-ci-effects": {
      "inputs": {
        "flake-parts": [
          "neovim",
          "nomad",
          "neovim-nightly-overlay",
          "flake-parts"
        ],
        "nixpkgs": [
          "neovim",
          "nomad",
          "neovim-nightly-overlay",
          "nixpkgs"
        ]
      },
      "locked": {
        "lastModified": 1758022363,
        "narHash": "sha256-ENUhCRWgSX4ni751HieNuQoq06dJvApV/Nm89kh+/A0=",
        "owner": "hercules-ci",
        "repo": "hercules-ci-effects",
        "rev": "1a3667d33e247ad35ca250698d63f49a5453d824",
        "type": "github"
      },
      "original": {
        "owner": "hercules-ci",
        "repo": "hercules-ci-effects",
        "type": "github"
      }
    },
    "home-manager": {
      "inputs": {
        "nixpkgs": [
          "nixpkgs"
        ]
      },
      "locked": {
        "lastModified": 1776869996,
        "narHash": "sha256-1OBvTrMpG3aVYkfRv3reM+vGWS5zQCUpuOZ1HCc46ig=",
        "owner": "nix-community",
        "repo": "home-manager",
        "rev": "afd5607108220437abc9d9568538fdda5347a6f8",
        "type": "github"
      },
      "original": {
        "owner": "nix-community",
        "repo": "home-manager",
        "type": "github"
      }
    },
    "hop-nvim": {
      "flake": false,
      "locked": {
        "lastModified": 1755878401,
        "narHash": "sha256-gHRKkqAMrQmpPHEWGETj3KG0NqwCnlTT8z/cNmug/Xc=",
        "owner": "smoka7",
        "repo": "hop.nvim",
        "rev": "707049feaca9ae65abb3696eff9aefc7879e66aa",
        "type": "github"
      },
      "original": {
        "owner": "smoka7",
        "repo": "hop.nvim",
        "type": "github"
      }
    },
    "import-tree": {
      "locked": {
        "lastModified": 1763762820,
        "narHash": "sha256-ZvYKbFib3AEwiNMLsejb/CWs/OL/srFQ8AogkebEPF0=",
        "owner": "vic",
        "repo": "import-tree",
        "rev": "3c23749d8013ec6daa1d7255057590e9ca726646",
        "type": "github"
      },
      "original": {
        "owner": "vic",
        "repo": "import-tree",
        "type": "github"
      }
    },
    "inc-rename-nvim": {
      "flake": false,
      "locked": {
        "lastModified": 1772487541,
        "narHash": "sha256-WDvzCOCWJFNTGl6g0/BF1SLPR+Xc4vGwVLqIdhAShkg=",
        "owner": "smjonas",
        "repo": "inc-rename.nvim",
        "rev": "0074b551a17338ccdcd299bd86687cc651bcb33d",
        "type": "github"
      },
      "original": {
        "owner": "smjonas",
        "repo": "inc-rename.nvim",
        "type": "github"
      }
    },
    "incline-nvim": {
      "flake": false,
      "locked": {
        "lastModified": 1766038939,
        "narHash": "sha256-aOkmH3j1F6Hqxb7ug/fxlj/rhCzhzC8gORdJmetjhoQ=",
        "owner": "b0o",
        "repo": "incline.nvim",
        "rev": "8b54c59bcb23366645ae10edca6edfb9d3a0853e",
        "type": "github"
      },
      "original": {
        "owner": "b0o",
        "repo": "incline.nvim",
        "type": "github"
      }
    },
    "lsp-progress-nvim": {
      "flake": false,
      "locked": {
        "lastModified": 1770008957,
        "narHash": "sha256-6qSh2tOoopTURzqNUBk2VDbSiz4ZlYRtO8hkg8OkPUs=",
        "owner": "linrongbin16",
        "repo": "lsp-progress.nvim",
        "rev": "f6d5af10563b895ff846346f57cbd4451439f4c1",
        "type": "github"
      },
      "original": {
        "owner": "linrongbin16",
        "repo": "lsp-progress.nvim",
        "type": "github"
      }
    },
    "lualine-nvim": {
      "flake": false,
      "locked": {
        "lastModified": 1775957658,
        "narHash": "sha256-PHunrG0yd3pDw3c1S9w1AXQx5/1nT68M+mjxT53enmM=",
        "owner": "nvim-lualine",
        "repo": "lualine.nvim",
        "rev": "a905eeebc4e63fdc48b5135d3bf8aea5618fb21c",
        "type": "github"
      },
      "original": {
        "owner": "nvim-lualine",
        "repo": "lualine.nvim",
        "type": "github"
      }
    },
    "neotab-nvim": {
      "flake": false,
      "locked": {
        "lastModified": 1754332989,
        "narHash": "sha256-pSLvpKqfi1hQrFAYmXTOUOYERtnr79M23z5so2JOGhE=",
        "owner": "kawre",
        "repo": "neotab.nvim",
        "rev": "e99d3e28c5a2066d2d368dfe4ef3827c8d75d337",
        "type": "github"
      },
      "original": {
        "owner": "kawre",
        "repo": "neotab.nvim",
        "type": "github"
      }
    },
    "neotest": {
      "flake": false,
      "locked": {
        "lastModified": 1775032559,
        "narHash": "sha256-tcbO1138SICtWg2ER973KcZvY18QvAW72MW0si6abFI=",
        "owner": "nvim-neotest",
        "repo": "neotest",
        "rev": "fd0b7986dd0ae04e38ec7dc0c78a432e3820839c",
        "type": "github"
      },
      "original": {
        "owner": "nvim-neotest",
        "repo": "neotest",
        "type": "github"
      }
    },
    "neovim": {
      "inputs": {
        "blink-cmp": "blink-cmp",
        "blink-emoji-nvim": "blink-emoji-nvim",
        "bufdelete-nvim": "bufdelete-nvim",
        "colorful-menu-nvim": "colorful-menu-nvim",
        "comment-nvim": "comment-nvim",
        "conform-nvim": "conform-nvim",
        "copilot-lua": "copilot-lua",
        "crates-nvim": "crates-nvim",
        "fzf-lua": "fzf-lua",
        "gitsigns-nvim": "gitsigns-nvim",
        "gruvbox-nvim": "gruvbox-nvim",
        "hop-nvim": "hop-nvim",
        "inc-rename-nvim": "inc-rename-nvim",
        "incline-nvim": "incline-nvim",
        "lsp-progress-nvim": "lsp-progress-nvim",
        "lualine-nvim": "lualine-nvim",
        "neotab-nvim": "neotab-nvim",
        "neotest": "neotest",
        "neovim-src": [
          "neovim",
          "nix-community-neovim",
          "neovim-src"
        ],
        "nix-community-neovim": "nix-community-neovim",
        "nixpkgs": [
          "nixpkgs"
        ],
        "nomad": "nomad",
        "nvim-autopairs": "nvim-autopairs",
        "nvim-colorizer-lua": "nvim-colorizer-lua",
        "nvim-lastplace": "nvim-lastplace",
        "nvim-lint": "nvim-lint",
        "nvim-lspconfig": "nvim-lspconfig",
        "nvim-nio": "nvim-nio",
        "nvim-notify": "nvim-notify",
        "nvim-surround": "nvim-surround",
        "nvim-treesitter": "nvim-treesitter",
        "nvim-treesitter-endwise": "nvim-treesitter-endwise",
        "nvim-web-devicons": "nvim-web-devicons",
        "plenary-nvim": "plenary-nvim",
        "rustaceanvim": "rustaceanvim",
        "toggleterm-nvim": "toggleterm-nvim",
        "tokyonight-nvim": "tokyonight-nvim",
        "treesitter-modules-nvim": "treesitter-modules-nvim",
        "trouble-nvim": "trouble-nvim"
      },
      "locked": {
        "path": "modules/home/neovim",
        "type": "path"
      },
      "original": {
        "path": "modules/home/neovim",
        "type": "path"
      },
      "parent": []
    },
    "neovim-nightly-overlay": {
      "inputs": {
        "flake-compat": "flake-compat",
        "flake-parts": [
          "neovim",
          "nomad",
          "flake-parts"
        ],
        "git-hooks": "git-hooks",
        "hercules-ci-effects": "hercules-ci-effects",
        "neovim-src": "neovim-src_2",
        "nixpkgs": [
          "neovim",
          "nomad",
          "nixpkgs"
        ],
        "treefmt-nix": [
          "neovim",
          "nomad",
          "treefmt-nix"
        ]
      },
      "locked": {
        "lastModified": 1760745913,
        "narHash": "sha256-r7Xd0zoNs+SjZtDLzFFAMkDnu6j05F4I5a+HWJG0eVE=",
        "owner": "nix-community",
        "repo": "neovim-nightly-overlay",
        "rev": "368a73654ebe1fe3620d6235ddf5add1ab93d9cb",
        "type": "github"
      },
      "original": {
        "owner": "nix-community",
        "ref": "master",
        "repo": "neovim-nightly-overlay",
        "type": "github"
      }
    },
    "neovim-src": {
      "flake": false,
      "locked": {
        "lastModified": 1776802301,
        "narHash": "sha256-POX0+8RjLyI3KKOJrJFlakm3Qvuf049ZT9vo2wDcYZM=",
        "owner": "neovim",
        "repo": "neovim",
        "rev": "ff68fd6b8a84ce83c14358db1d70a562f1524ebe",
        "type": "github"
      },
      "original": {
        "owner": "neovim",
        "repo": "neovim",
        "type": "github"
      }
    },
    "neovim-src_2": {
      "flake": false,
      "locked": {
        "lastModified": 1760680927,
        "narHash": "sha256-Odf4k6/tFYkPtS0mBH1uaeMmMuKLjfpNsvjRvNXc4Xw=",
        "owner": "neovim",
        "repo": "neovim",
        "rev": "a04c73ca071fdc2461365a8a10a314bd0d1d806d",
        "type": "github"
      },
      "original": {
        "owner": "neovim",
        "repo": "neovim",
        "type": "github"
      }
    },
    "neovim-src_3": {
      "flake": false,
      "locked": {
        "lastModified": 1776863060,
        "narHash": "sha256-dTPUv+elifygvv5RSReQn6yoKYif//lWeUQdJ+vqH6U=",
        "owner": "neovim",
        "repo": "neovim",
        "rev": "61fb88992d34d16b3058dcd8b1664f575449d964",
        "type": "github"
      },
      "original": {
        "owner": "neovim",
        "repo": "neovim",
        "type": "github"
      }
    },
    "nix-community-neovim": {
      "inputs": {
        "flake-parts": "flake-parts_4",
        "neovim-src": "neovim-src",
        "nixpkgs": "nixpkgs_2"
      },
      "locked": {
        "lastModified": 1776842984,
        "narHash": "sha256-mN9OANR2oOBzVKaJD6aVmj7YXYy7JfZXrv02GvJyU+0=",
        "owner": "nix-community",
        "repo": "neovim-nightly-overlay",
        "rev": "56514e02f71e24cdf9d0cb8de693c74c3991f9d4",
        "type": "github"
      },
      "original": {
        "owner": "nix-community",
        "repo": "neovim-nightly-overlay",
        "type": "github"
      }
    },
    "nix-darwin": {
      "inputs": {
        "nixpkgs": [
          "nixpkgs"
        ]
      },
      "locked": {
        "lastModified": 1775037210,
        "narHash": "sha256-KM2WYj6EA7M/FVZVCl3rqWY+TFV5QzSyyGE2gQxeODU=",
        "owner": "LnL7",
        "repo": "nix-darwin",
        "rev": "06648f4902343228ce2de79f291dd5a58ee12146",
        "type": "github"
      },
      "original": {
        "owner": "LnL7",
        "repo": "nix-darwin",
        "type": "github"
      }
    },
    "nix-develop-gha": {
      "inputs": {
        "nixpkgs": [
          "neovim",
          "nomad",
          "nixpkgs"
        ]
      },
      "locked": {
        "lastModified": 1740956892,
        "narHash": "sha256-9MhGx2h0/iE2xF9SOw4QaQNfSM0KXvkUBNJZ5NYLb1I=",
        "owner": "nicknovitski",
        "repo": "nix-develop",
        "rev": "5da6ac475f1ffbcf54ee562fa3056646e146be95",
        "type": "github"
      },
      "original": {
        "owner": "nicknovitski",
        "repo": "nix-develop",
        "type": "github"
      }
    },
    "nix-jettison": {
      "inputs": {
        "flake-parts": "flake-parts_6",
        "nixpkgs": [
          "nixpkgs"
        ],
        "rust-overlay": "rust-overlay_2"
      },
      "locked": {
        "lastModified": 1776095654,
        "narHash": "sha256-D3AMJPGdkiMgVczpr8AH3YNhgcIVfWr8iGyAtaT13/0=",
        "ref": "refs/heads/main",
        "rev": "cefb16933a34e0474804589ae42dba530f26eb2e",
        "revCount": 479,
        "type": "git",
        "url": "ssh://git@github.com/noib3/nix-jettison"
      },
      "original": {
        "type": "git",
        "url": "ssh://git@github.com/noib3/nix-jettison"
      }
    },
    "nixos-hardware": {
      "locked": {
        "lastModified": 1776830795,
        "narHash": "sha256-PAfvLwuHc1VOvsLcpk6+HDKgMEibvZjCNvbM1BJOA7o=",
        "owner": "NixOS",
        "repo": "nixos-hardware",
        "rev": "72674a6b5599e844c045ae7449ba91f803d44ebc",
        "type": "github"
      },
      "original": {
        "owner": "NixOS",
        "repo": "nixos-hardware",
        "type": "github"
      }
    },
    "nixpkgs": {
      "locked": {
        "lastModified": 1770107345,
        "narHash": "sha256-tbS0Ebx2PiA1FRW8mt8oejR0qMXmziJmPaU1d4kYY9g=",
        "owner": "nixos",
        "repo": "nixpkgs",
        "rev": "4533d9293756b63904b7238acb84ac8fe4c8c2c4",
        "type": "github"
      },
      "original": {
        "owner": "nixos",
        "ref": "nixpkgs-unstable",
        "repo": "nixpkgs",
        "type": "github"
      }
    },
    "nixpkgs-lib": {
      "locked": {
        "lastModified": 1769909678,
        "narHash": "sha256-cBEymOf4/o3FD5AZnzC3J9hLbiZ+QDT/KDuyHXVJOpM=",
        "owner": "nix-community",
        "repo": "nixpkgs.lib",
        "rev": "72716169fe93074c333e8d0173151350670b824c",
        "type": "github"
      },
      "original": {
        "owner": "nix-community",
        "repo": "nixpkgs.lib",
        "type": "github"
      }
    },
    "nixpkgs-lib_2": {
      "locked": {
        "lastModified": 1774748309,
        "narHash": "sha256-+U7gF3qxzwD5TZuANzZPeJTZRHS29OFQgkQ2kiTJBIQ=",
        "owner": "nix-community",
        "repo": "nixpkgs.lib",
        "rev": "333c4e0545a6da976206c74db8773a1645b5870a",
        "type": "github"
      },
      "original": {
        "owner": "nix-community",
        "repo": "nixpkgs.lib",
        "type": "github"
      }
    },
    "nixpkgs-lib_3": {
      "locked": {
        "lastModified": 1769909678,
        "narHash": "sha256-cBEymOf4/o3FD5AZnzC3J9hLbiZ+QDT/KDuyHXVJOpM=",
        "owner": "nix-community",
        "repo": "nixpkgs.lib",
        "rev": "72716169fe93074c333e8d0173151350670b824c",
        "type": "github"
      },
      "original": {
        "owner": "nix-community",
        "repo": "nixpkgs.lib",
        "type": "github"
      }
    },
    "nixpkgs-lib_4": {
      "locked": {
        "lastModified": 1754788789,
        "narHash": "sha256-x2rJ+Ovzq0sCMpgfgGaaqgBSwY+LST+WbZ6TytnT9Rk=",
        "owner": "nix-community",
        "repo": "nixpkgs.lib",
        "rev": "a73b9c743612e4244d865a2fdee11865283c04e6",
        "type": "github"
      },
      "original": {
        "owner": "nix-community",
        "repo": "nixpkgs.lib",
        "type": "github"
      }
    },
    "nixpkgs-lib_5": {
      "locked": {
        "lastModified": 1765674936,
        "narHash": "sha256-k00uTP4JNfmejrCLJOwdObYC9jHRrr/5M/a/8L2EIdo=",
        "owner": "nix-community",
        "repo": "nixpkgs.lib",
        "rev": "2075416fcb47225d9b68ac469a5c4801a9c4dd85",
        "type": "github"
      },
      "original": {
        "owner": "nix-community",
        "repo": "nixpkgs.lib",
        "type": "github"
      }
    },
    "nixpkgs_2": {
      "locked": {
        "lastModified": 1776329215,
        "narHash": "sha256-a8BYi3mzoJ/AcJP8UldOx8emoPRLeWqALZWu4ZvjPXw=",
        "owner": "NixOS",
        "repo": "nixpkgs",
        "rev": "b86751bc4085f48661017fa226dee99fab6c651b",
        "type": "github"
      },
      "original": {
        "owner": "NixOS",
        "ref": "nixpkgs-unstable",
        "repo": "nixpkgs",
        "type": "github"
      }
    },
    "nixpkgs_3": {
      "locked": {
        "lastModified": 1760524057,
        "narHash": "sha256-EVAqOteLBFmd7pKkb0+FIUyzTF61VKi7YmvP1tw4nEw=",
        "owner": "NixOS",
        "repo": "nixpkgs",
        "rev": "544961dfcce86422ba200ed9a0b00dd4b1486ec5",
        "type": "github"
      },
      "original": {
        "owner": "NixOS",
        "ref": "nixos-unstable",
        "repo": "nixpkgs",
        "type": "github"
      }
    },
    "nixpkgs_4": {
      "locked": {
        "lastModified": 1776548001,
        "narHash": "sha256-ZSK0NL4a1BwVbbTBoSnWgbJy9HeZFXLYQizjb2DPF24=",
        "owner": "NixOS",
        "repo": "nixpkgs",
        "rev": "b12141ef619e0a9c1c84dc8c684040326f27cdcc",
        "type": "github"
      },
      "original": {
        "owner": "NixOS",
        "ref": "nixos-unstable",
        "repo": "nixpkgs",
        "type": "github"
      }
    },
    "nomad": {
      "inputs": {
        "crane": "crane",
        "flake-parts": "flake-parts_5",
        "neovim-nightly-overlay": "neovim-nightly-overlay",
        "nix-develop-gha": "nix-develop-gha",
        "nixpkgs": "nixpkgs_3",
        "rust-overlay": "rust-overlay",
        "treefmt-nix": "treefmt-nix_2"
      },
      "locked": {
        "lastModified": 1765208941,
        "narHash": "sha256-VlqxaC0/XS0RKtFlC10kMzl/EAXtMzYNCdzzynZeT74=",
        "owner": "nomad",
        "repo": "nomad",
        "rev": "3c1cae0be14c970155ec51271a8e7a68d0fd2204",
        "type": "github"
      },
      "original": {
        "owner": "nomad",
        "repo": "nomad",
        "type": "github"
      }
    },
    "nvim-autopairs": {
      "flake": false,
      "locked": {
        "lastModified": 1769736942,
        "narHash": "sha256-0IqXpxKCzqVz6i9QajPYJ0FdfReHQBhehrvN89/8n6U=",
        "owner": "windwp",
        "repo": "nvim-autopairs",
        "rev": "59bce2eef357189c3305e25bc6dd2d138c1683f5",
        "type": "github"
      },
      "original": {
        "owner": "windwp",
        "repo": "nvim-autopairs",
        "type": "github"
      }
    },
    "nvim-colorizer-lua": {
      "flake": false,
      "locked": {
        "lastModified": 1746877543,
        "narHash": "sha256-0j1sivu7Nbit0wIthududqIGOP6TWELFQBHPAX9btZA=",
        "owner": "NiklasV1",
        "repo": "nvim-colorizer.lua",
        "rev": "a299361ac994b317ba933fd764c94bb550c4609e",
        "type": "github"
      },
      "original": {
        "owner": "NiklasV1",
        "repo": "nvim-colorizer.lua",
        "type": "github"
      }
    },
    "nvim-lastplace": {
      "flake": false,
      "locked": {
        "lastModified": 1690473226,
        "narHash": "sha256-jmF06Cl1ieYXKTnW9pWdQH4IJGicvSVJAR7ppju9qyg=",
        "owner": "ethanholz",
        "repo": "nvim-lastplace",
        "rev": "0bb6103c506315044872e0f84b1f736c4172bb20",
        "type": "github"
      },
      "original": {
        "owner": "ethanholz",
        "repo": "nvim-lastplace",
        "type": "github"
      }
    },
    "nvim-lint": {
      "flake": false,
      "locked": {
        "lastModified": 1775725528,
        "narHash": "sha256-5bVnAw7xxTntwmYYDZGt+3HOizlddqMOIyg/zqGbSEM=",
        "owner": "mfussenegger",
        "repo": "nvim-lint",
        "rev": "eab58b48eb11d7745c11c505e0f3057165902461",
        "type": "github"
      },
      "original": {
        "owner": "mfussenegger",
        "repo": "nvim-lint",
        "type": "github"
      }
    },
    "nvim-lspconfig": {
      "flake": false,
      "locked": {
        "lastModified": 1776770585,
        "narHash": "sha256-Nm4eBblqKWGUSbScIdOpsWnzTW4md2bgADl8lF0IUxc=",
        "owner": "neovim",
        "repo": "nvim-lspconfig",
        "rev": "e146efacbafed3789ac568abcc5a981c5decaa58",
        "type": "github"
      },
      "original": {
        "owner": "neovim",
        "repo": "nvim-lspconfig",
        "type": "github"
      }
    },
    "nvim-nio": {
      "flake": false,
      "locked": {
        "lastModified": 1737405073,
        "narHash": "sha256-eDbzJAGdUBhTwuD0Nt9FihZj1MmVdQfn/GKIybuu5a8=",
        "owner": "nvim-neotest",
        "repo": "nvim-nio",
        "rev": "21f5324bfac14e22ba26553caf69ec76ae8a7662",
        "type": "github"
      },
      "original": {
        "owner": "nvim-neotest",
        "repo": "nvim-nio",
        "type": "github"
      }
    },
    "nvim-notify": {
      "flake": false,
      "locked": {
        "lastModified": 1757190131,
        "narHash": "sha256-h7STMjY+CBTqBkIDJXgtJz4WhNeQ02ES2Jesi3jZXeM=",
        "owner": "rcarriga",
        "repo": "nvim-notify",
        "rev": "8701bece920b38ea289b457f902e2ad184131a5d",
        "type": "github"
      },
      "original": {
        "owner": "rcarriga",
        "repo": "nvim-notify",
        "type": "github"
      }
    },
    "nvim-surround": {
      "flake": false,
      "locked": {
        "lastModified": 1775407690,
        "narHash": "sha256-0mVWE8YimHmJO/GbTZD0cIVgwwt/sd7odeM854k/dHw=",
        "owner": "kylechui",
        "repo": "nvim-surround",
        "rev": "9291040de8cd8a4439eb64c441e8d5d2bf884a5a",
        "type": "github"
      },
      "original": {
        "owner": "kylechui",
        "repo": "nvim-surround",
        "type": "github"
      }
    },
    "nvim-treesitter": {
      "flake": false,
      "locked": {
        "lastModified": 1775221900,
        "narHash": "sha256-PQR6tFt4lCrAZNQG7BLMD1IiCKja9wDS1S4laGJf/HE=",
        "owner": "nvim-treesitter",
        "repo": "nvim-treesitter",
        "rev": "4916d6592ede8c07973490d9322f187e07dfefac",
        "type": "github"
      },
      "original": {
        "owner": "nvim-treesitter",
        "ref": "main",
        "repo": "nvim-treesitter",
        "type": "github"
      }
    },
    "nvim-treesitter-endwise": {
      "flake": false,
      "locked": {
        "lastModified": 1767007663,
        "narHash": "sha256-5l2XF8/sk94IWAauP1VDh4ylLcR5gXnoWCT01TjmHBc=",
        "owner": "RRethy",
        "repo": "nvim-treesitter-endwise",
        "rev": "8fe8a95630f4f2c72a87ba1927af649e0bfaa244",
        "type": "github"
      },
      "original": {
        "owner": "RRethy",
        "repo": "nvim-treesitter-endwise",
        "type": "github"
      }
    },
    "nvim-web-devicons": {
      "flake": false,
      "locked": {
        "lastModified": 1775777720,
        "narHash": "sha256-onh54VN8/i9Btwt/aF09jJTBOS/N0Thi0QjjA02SN6o=",
        "owner": "nvim-tree",
        "repo": "nvim-web-devicons",
        "rev": "c72328a5494b4502947a022fe69c0c47e53b6aa6",
        "type": "github"
      },
      "original": {
        "owner": "nvim-tree",
        "repo": "nvim-web-devicons",
        "type": "github"
      }
    },
    "opencode": {
      "inputs": {
        "nixpkgs": [
          "nixpkgs"
        ]
      },
      "locked": {
        "lastModified": 1776964409,
        "narHash": "sha256-02WyPFjX6G+PZ6aWjqjsjzDbnUOPXrM9FhfKBF9icHk=",
        "owner": "anomalyco",
        "repo": "opencode",
        "rev": "1e439b8226a66dcec0d65751f5cdb50a2b7bc979",
        "type": "github"
      },
      "original": {
        "owner": "anomalyco",
        "ref": "production",
        "repo": "opencode",
        "type": "github"
      }
    },
    "opencode-anthropic-auth": {
      "flake": false,
      "locked": {
        "lastModified": 1776816261,
        "narHash": "sha256-nDoEbu3MUOea5kvoqHOdHwi2Nq1crK1aJWkrhrUQUWY=",
        "owner": "ex-machina-co",
        "repo": "opencode-anthropic-auth",
        "rev": "acd1c15c761ba1a05ddca59fb0a586e7e41881d5",
        "type": "github"
      },
      "original": {
        "owner": "ex-machina-co",
        "repo": "opencode-anthropic-auth",
        "type": "github"
      }
    },
    "plenary-nvim": {
      "flake": false,
      "locked": {
        "lastModified": 1775800366,
        "narHash": "sha256-nkfETDkPiE+Kd2BWYZijgUp9bP8RgFwRmvqJz2BMuq4=",
        "owner": "nvim-lua",
        "repo": "plenary.nvim",
        "rev": "74b06c6c75e4eeb3108ec01852001636d85a932b",
        "type": "github"
      },
      "original": {
        "owner": "nvim-lua",
        "repo": "plenary.nvim",
        "type": "github"
      }
    },
    "root": {
      "inputs": {
        "brew-nix": "brew-nix",
        "bun2nix": "bun2nix",
        "claude-code-nix": "claude-code-nix",
        "codex-cli-nix": "codex-cli-nix",
        "flake-parts": "flake-parts_2",
        "home-manager": "home-manager",
        "neovim": "neovim",
        "neovim-src": "neovim-src_3",
        "nix-darwin": "nix-darwin",
        "nix-jettison": "nix-jettison",
        "nixos-hardware": "nixos-hardware",
        "nixpkgs": "nixpkgs_4",
        "opencode": "opencode",
        "opencode-anthropic-auth": "opencode-anthropic-auth",
        "rust-overlay": "rust-overlay_3",
        "treefmt-nix": "treefmt-nix_3"
      }
    },
    "rust-analyzer-src": {
      "flake": false,
      "locked": {
        "lastModified": 1770026591,
        "narHash": "sha256-VZlloygYDmozJwbZZkCSNpiPhNdOW/AA0b6LmNBZ3xU=",
        "owner": "rust-lang",
        "repo": "rust-analyzer",
        "rev": "74eca73f3b0a41b80228b8e499c7547cc8b2effa",
        "type": "github"
      },
      "original": {
        "owner": "rust-lang",
        "ref": "nightly",
        "repo": "rust-analyzer",
        "type": "github"
      }
    },
    "rust-overlay": {
      "inputs": {
        "nixpkgs": [
          "neovim",
          "nomad",
          "nixpkgs"
        ]
      },
      "locked": {
        "lastModified": 1760754684,
        "narHash": "sha256-B4+gmoRuvjZGKvDQtMjYkqyA89gZLjrXObZrXFrcKOk=",
        "owner": "oxalica",
        "repo": "rust-overlay",
        "rev": "16c233757f1b200936f1b39961c901733936c616",
        "type": "github"
      },
      "original": {
        "owner": "oxalica",
        "repo": "rust-overlay",
        "type": "github"
      }
    },
    "rust-overlay_2": {
      "inputs": {
        "nixpkgs": [
          "nix-jettison",
          "nixpkgs"
        ]
      },
      "locked": {
        "lastModified": 1775790837,
        "narHash": "sha256-RAHjn8sjgfF3D17BaV8iv69o3P+L9aCuE36PFwzoqHU=",
        "owner": "oxalica",
        "repo": "rust-overlay",
        "rev": "c913e0b9525311f103b7e1463ebb0f28c6865d8d",
        "type": "github"
      },
      "original": {
        "owner": "oxalica",
        "repo": "rust-overlay",
        "type": "github"
      }
    },
    "rust-overlay_3": {
      "inputs": {
        "nixpkgs": [
          "nixpkgs"
        ]
      },
      "locked": {
        "lastModified": 1776827647,
        "narHash": "sha256-sYixYhp5V8jCajO8TRorE4fzs7IkL4MZdfLTKgkPQBk=",
        "owner": "oxalica",
        "repo": "rust-overlay",
        "rev": "40e6ccc06e1245a4837cbbd6bdda64e21cc67379",
        "type": "github"
      },
      "original": {
        "owner": "oxalica",
        "repo": "rust-overlay",
        "type": "github"
      }
    },
    "rustaceanvim": {
      "flake": false,
      "locked": {
        "lastModified": 1776818546,
        "narHash": "sha256-qpVM6rpaJTvyU3OJZZqht+fTJwbpTp54otknwayF610=",
        "owner": "mrcjkb",
        "repo": "rustaceanvim",
        "rev": "231bbfbba864b09248264c9f28f1fd7c14cd216f",
        "type": "github"
      },
      "original": {
        "owner": "mrcjkb",
        "repo": "rustaceanvim",
        "type": "github"
      }
    },
    "systems": {
      "locked": {
        "lastModified": 1681028828,
        "narHash": "sha256-Vy1rq5AaRuLzOxct8nz4T6wlgyUR7zLU309k9mBC768=",
        "owner": "nix-systems",
        "repo": "default",
        "rev": "da67096a3b9bf56a91d16901293e51ba5b49a27e",
        "type": "github"
      },
      "original": {
        "owner": "nix-systems",
        "repo": "default",
        "type": "github"
      }
    },
    "systems_2": {
      "locked": {
        "lastModified": 1681028828,
        "narHash": "sha256-Vy1rq5AaRuLzOxct8nz4T6wlgyUR7zLU309k9mBC768=",
        "owner": "nix-systems",
        "repo": "default",
        "rev": "da67096a3b9bf56a91d16901293e51ba5b49a27e",
        "type": "github"
      },
      "original": {
        "owner": "nix-systems",
        "repo": "default",
        "type": "github"
      }
    },
    "systems_3": {
      "locked": {
        "lastModified": 1681028828,
        "narHash": "sha256-Vy1rq5AaRuLzOxct8nz4T6wlgyUR7zLU309k9mBC768=",
        "owner": "nix-systems",
        "repo": "default",
        "rev": "da67096a3b9bf56a91d16901293e51ba5b49a27e",
        "type": "github"
      },
      "original": {
        "owner": "nix-systems",
        "repo": "default",
        "type": "github"
      }
    },
    "toggleterm-nvim": {
      "flake": false,
      "locked": {
        "lastModified": 1741512039,
        "narHash": "sha256-fytbX+L12TK45YKFU9K+iFJcDrwboKabihc2LtX29J4=",
        "owner": "akinsho",
        "repo": "toggleterm.nvim",
        "rev": "9a88eae817ef395952e08650b3283726786fb5fb",
        "type": "github"
      },
      "original": {
        "owner": "akinsho",
        "repo": "toggleterm.nvim",
        "type": "github"
      }
    },
    "tokyonight-nvim": {
      "flake": false,
      "locked": {
        "lastModified": 1774363414,
        "narHash": "sha256-a9iRWue7DB7s/wNdxqqB51Jya5P9X6sDftqhdmKggU0=",
        "owner": "folke",
        "repo": "tokyonight.nvim",
        "rev": "cdc07ac78467a233fd62c493de29a17e0cf2b2b6",
        "type": "github"
      },
      "original": {
        "owner": "folke",
        "repo": "tokyonight.nvim",
        "type": "github"
      }
    },
    "treefmt-nix": {
      "inputs": {
        "nixpkgs": [
          "bun2nix",
          "nixpkgs"
        ]
      },
      "locked": {
        "lastModified": 1770228511,
        "narHash": "sha256-wQ6NJSuFqAEmIg2VMnLdCnUc0b7vslUohqqGGD+Fyxk=",
        "owner": "numtide",
        "repo": "treefmt-nix",
        "rev": "337a4fe074be1042a35086f15481d763b8ddc0e7",
        "type": "github"
      },
      "original": {
        "owner": "numtide",
        "repo": "treefmt-nix",
        "type": "github"
      }
    },
    "treefmt-nix_2": {
      "inputs": {
        "nixpkgs": [
          "neovim",
          "nomad",
          "nixpkgs"
        ]
      },
      "locked": {
        "lastModified": 1760802554,
        "narHash": "sha256-5YkOYOCF8/XNw89/ABKFB0c/P78U2EVuKRDGTql6+kA=",
        "owner": "numtide",
        "repo": "treefmt-nix",
        "rev": "296ebf0c3668ebceb3b0bfee55298f112b4b5754",
        "type": "github"
      },
      "original": {
        "owner": "numtide",
        "repo": "treefmt-nix",
        "type": "github"
      }
    },
    "treefmt-nix_3": {
      "inputs": {
        "nixpkgs": [
          "nixpkgs"
        ]
      },
      "locked": {
        "lastModified": 1775636079,
        "narHash": "sha256-pc20NRoMdiar8oPQceQT47UUZMBTiMdUuWrYu2obUP0=",
        "owner": "numtide",
        "repo": "treefmt-nix",
        "rev": "790751ff7fd3801feeaf96d7dc416a8d581265ba",
        "type": "github"
      },
      "original": {
        "owner": "numtide",
        "repo": "treefmt-nix",
        "type": "github"
      }
    },
    "treesitter-modules-nvim": {
      "flake": false,
      "locked": {
        "lastModified": 1775363133,
        "narHash": "sha256-y6X7TvWgPqP6S0DTkx53eMhS0veUQwKGVcr8y+FPgSY=",
        "owner": "MeanderingProgrammer",
        "repo": "treesitter-modules.nvim",
        "rev": "dbded29dade0ff4435642530ec2b5a81730f8e1a",
        "type": "github"
      },
      "original": {
        "owner": "MeanderingProgrammer",
        "repo": "treesitter-modules.nvim",
        "type": "github"
      }
    },
    "trouble-nvim": {
      "flake": false,
      "locked": {
        "lastModified": 1761919011,
        "narHash": "sha256-6U/KWjvRMxWIxcsI2xNU/ltfgkaFG4E3BdzC7brK/DI=",
        "owner": "folke",
        "repo": "trouble.nvim",
        "rev": "bd67efe408d4816e25e8491cc5ad4088e708a69a",
        "type": "github"
      },
      "original": {
        "owner": "folke",
        "repo": "trouble.nvim",
        "type": "github"
      }
    }
  },
  "root": "root",
  "version": 7
}
