{
  "nodes": {
    "blink-cmp": {
      "inputs": {
        "blink-lib": "blink-lib",
        "nixpkgs": "nixpkgs"
      },
      "locked": {
        "lastModified": 1783062964,
        "narHash": "sha256-5DFsVaqK6KFqwoPVpKOmkQY7uUyYxIDP3RACHrlScWw=",
        "owner": "Saghen",
        "repo": "blink.cmp",
        "rev": "67c9c3f9e3121df32d0eee406a76087a9f0a62eb",
        "type": "github"
      },
      "original": {
        "owner": "Saghen",
        "repo": "blink.cmp",
        "type": "github"
      }
    },
    "blink-emoji-nvim": {
      "flake": false,
      "locked": {
        "lastModified": 1775942320,
        "narHash": "sha256-qBJ0zwkKlxZ6S6VzMusm9CCKx+EN1YOaBfdMb7xKQ5A=",
        "owner": "moyiz",
        "repo": "blink-emoji.nvim",
        "rev": "dff709139ad5389fb55ebab026e75278a12b325a",
        "type": "github"
      },
      "original": {
        "owner": "moyiz",
        "repo": "blink-emoji.nvim",
        "type": "github"
      }
    },
    "blink-lib": {
      "inputs": {
        "nixpkgs": [
          "blink-cmp",
          "nixpkgs"
        ]
      },
      "locked": {
        "lastModified": 1780479614,
        "narHash": "sha256-YlvnmeKny7pGL5+tAqtZK84WxJ/vKwCMG5CP9xJEnUg=",
        "owner": "saghen",
        "repo": "blink.lib",
        "rev": "b127d48bf8e9ac9cf41f6e0fbead317503f76558",
        "type": "github"
      },
      "original": {
        "owner": "saghen",
        "repo": "blink.lib",
        "type": "github"
      }
    },
    "bufdelete-nvim": {
      "flake": false,
      "locked": {
        "lastModified": 1708814161,
        "narHash": "sha256-ljUNfmpImtxFCS19HC9kFlaLlqaPDltKtnx1+/6Y33U=",
        "owner": "famiu",
        "repo": "bufdelete.nvim",
        "rev": "f6bcea78afb3060b198125256f897040538bcb81",
        "type": "github"
      },
      "original": {
        "owner": "famiu",
        "repo": "bufdelete.nvim",
        "type": "github"
      }
    },
    "codediff-nvim": {
      "flake": false,
      "locked": {
        "lastModified": 1781122857,
        "narHash": "sha256-kT5plTJP4VfN6mFkq6voDTmr9LaZ37W80UU3QUGlKkY=",
        "owner": "esmuellert",
        "repo": "codediff.nvim",
        "rev": "7608f3b436ce1f84a4888f75e53079caa981a2e9",
        "type": "github"
      },
      "original": {
        "owner": "esmuellert",
        "repo": "codediff.nvim",
        "type": "github"
      }
    },
    "colorful-menu-nvim": {
      "flake": false,
      "locked": {
        "lastModified": 1773653590,
        "narHash": "sha256-i/fN2/qtx/GUTXH9PxOpzNLQsyvU6BKnUFuYKZ29EWw=",
        "owner": "noib3",
        "repo": "colorful-menu.nvim",
        "rev": "fa628bff1444ce2caef62540c6fad931e25cfc69",
        "type": "github"
      },
      "original": {
        "owner": "noib3",
        "ref": "noib3",
        "repo": "colorful-menu.nvim",
        "type": "github"
      }
    },
    "comment-nvim": {
      "flake": false,
      "locked": {
        "lastModified": 1717957420,
        "narHash": "sha256-h0kPue5Eqd5aeu4VoLH45pF0DmWWo1d8SnLICSQ63zc=",
        "owner": "numToStr",
        "repo": "Comment.nvim",
        "rev": "e30b7f2008e52442154b66f7c519bfd2f1e32acb",
        "type": "github"
      },
      "original": {
        "owner": "numToStr",
        "repo": "Comment.nvim",
        "type": "github"
      }
    },
    "conform-nvim": {
      "flake": false,
      "locked": {
        "lastModified": 1779644945,
        "narHash": "sha256-pMWvC7sqOFjsMUhxTzMcoSifn7E5CVindvQVl9dEfB8=",
        "owner": "stevearc",
        "repo": "conform.nvim",
        "rev": "619363c30309d29ffa631e67c8183f2a72caa373",
        "type": "github"
      },
      "original": {
        "owner": "stevearc",
        "repo": "conform.nvim",
        "type": "github"
      }
    },
    "copilot-lua": {
      "flake": false,
      "locked": {
        "lastModified": 1775725859,
        "narHash": "sha256-WME7jWuQ/QwOKgOD+AN5GfIwkcIo6FGSrFkDNP7Q6Wo=",
        "owner": "noib3",
        "repo": "copilot.lua",
        "rev": "653257d9201b2886b94999e6cd01bc6beee6f644",
        "type": "github"
      },
      "original": {
        "owner": "noib3",
        "ref": "fix-insert-special-key-passthrough",
        "repo": "copilot.lua",
        "type": "github"
      }
    },
    "crates-nvim": {
      "flake": false,
      "locked": {
        "lastModified": 1776121071,
        "narHash": "sha256-+6rC+bticNgMhZ+2lkPpitunSv4nHmBzCIj6ngt7gaA=",
        "owner": "saecki",
        "repo": "crates.nvim",
        "rev": "694357861ec9ebf12475ddcdd04ea45a0923c32d",
        "type": "github"
      },
      "original": {
        "owner": "saecki",
        "repo": "crates.nvim",
        "type": "github"
      }
    },
    "flake-parts": {
      "inputs": {
        "nixpkgs-lib": [
          "nix-community-neovim",
          "nixpkgs"
        ]
      },
      "locked": {
        "lastModified": 1782949081,
        "narHash": "sha256-vp6Y/Grm98ESt6ceOkWiHWyZRDV3J1RID4w+6NWK9yA=",
        "owner": "hercules-ci",
        "repo": "flake-parts",
        "rev": "17c9d6cdfc60c64f4ee8d306f9bc0b4ccb51481e",
        "type": "github"
      },
      "original": {
        "owner": "hercules-ci",
        "repo": "flake-parts",
        "type": "github"
      }
    },
    "fzf-lua": {
      "flake": false,
      "locked": {
        "lastModified": 1783074187,
        "narHash": "sha256-nBCpHVJMt0i/ScuSgg7xrBji5LzLbeeDrNQ6q84W3G4=",
        "owner": "ibhagwan",
        "repo": "fzf-lua",
        "rev": "09880d502bc76f1e025fdbdcaeff44650f7ea78a",
        "type": "github"
      },
      "original": {
        "owner": "ibhagwan",
        "repo": "fzf-lua",
        "type": "github"
      }
    },
    "gitsigns-nvim": {
      "flake": false,
      "locked": {
        "lastModified": 1782899415,
        "narHash": "sha256-VqEz6o+9DvKekQ9h8QQntFaIb90BaveTctKKb0lmQLI=",
        "owner": "lewis6991",
        "repo": "gitsigns.nvim",
        "rev": "eb60cc7b94c46005237fd34170d76f3a089a90aa",
        "type": "github"
      },
      "original": {
        "owner": "lewis6991",
        "repo": "gitsigns.nvim",
        "type": "github"
      }
    },
    "gruvbox-nvim": {
      "flake": false,
      "locked": {
        "lastModified": 1776256962,
        "narHash": "sha256-SogU3DStdWDN6qRjOnbGzoZ9Vc+fqnNYZF7XEqFeMUw=",
        "owner": "ellisonleao",
        "repo": "gruvbox.nvim",
        "rev": "154eb5ff5b96d0641307113fa385eaf0d36d9796",
        "type": "github"
      },
      "original": {
        "owner": "ellisonleao",
        "repo": "gruvbox.nvim",
        "type": "github"
      }
    },
    "hop-nvim": {
      "flake": false,
      "locked": {
        "lastModified": 1755878401,
        "narHash": "sha256-gHRKkqAMrQmpPHEWGETj3KG0NqwCnlTT8z/cNmug/Xc=",
        "owner": "smoka7",
        "repo": "hop.nvim",
        "rev": "707049feaca9ae65abb3696eff9aefc7879e66aa",
        "type": "github"
      },
      "original": {
        "owner": "smoka7",
        "repo": "hop.nvim",
        "type": "github"
      }
    },
    "inc-rename-nvim": {
      "flake": false,
      "locked": {
        "lastModified": 1772487541,
        "narHash": "sha256-WDvzCOCWJFNTGl6g0/BF1SLPR+Xc4vGwVLqIdhAShkg=",
        "owner": "smjonas",
        "repo": "inc-rename.nvim",
        "rev": "0074b551a17338ccdcd299bd86687cc651bcb33d",
        "type": "github"
      },
      "original": {
        "owner": "smjonas",
        "repo": "inc-rename.nvim",
        "type": "github"
      }
    },
    "incline-nvim": {
      "flake": false,
      "locked": {
        "lastModified": 1778159739,
        "narHash": "sha256-UIlrWiym/wO7olXX3W3HQBAuISzzKS4qp2/gprXnb0g=",
        "owner": "b0o",
        "repo": "incline.nvim",
        "rev": "debd628e9395f7a9da57bdc31ce75ca6b40a880b",
        "type": "github"
      },
      "original": {
        "owner": "b0o",
        "repo": "incline.nvim",
        "type": "github"
      }
    },
    "lsp-progress-nvim": {
      "flake": false,
      "locked": {
        "lastModified": 1770008957,
        "narHash": "sha256-6qSh2tOoopTURzqNUBk2VDbSiz4ZlYRtO8hkg8OkPUs=",
        "owner": "linrongbin16",
        "repo": "lsp-progress.nvim",
        "rev": "f6d5af10563b895ff846346f57cbd4451439f4c1",
        "type": "github"
      },
      "original": {
        "owner": "linrongbin16",
        "repo": "lsp-progress.nvim",
        "type": "github"
      }
    },
    "lualine-nvim": {
      "flake": false,
      "locked": {
        "lastModified": 1780194559,
        "narHash": "sha256-6PjGu30Ed4/e/HQ3mIFQuUOxcCiti/71jjlMsjN7EoA=",
        "owner": "nvim-lualine",
        "repo": "lualine.nvim",
        "rev": "221ce6b2d999187044529f49da6554a92f740a96",
        "type": "github"
      },
      "original": {
        "owner": "nvim-lualine",
        "repo": "lualine.nvim",
        "type": "github"
      }
    },
    "neotab-nvim": {
      "flake": false,
      "locked": {
        "lastModified": 1754332989,
        "narHash": "sha256-pSLvpKqfi1hQrFAYmXTOUOYERtnr79M23z5so2JOGhE=",
        "owner": "kawre",
        "repo": "neotab.nvim",
        "rev": "e99d3e28c5a2066d2d368dfe4ef3827c8d75d337",
        "type": "github"
      },
      "original": {
        "owner": "kawre",
        "repo": "neotab.nvim",
        "type": "github"
      }
    },
    "neotest": {
      "flake": false,
      "locked": {
        "lastModified": 1783063764,
        "narHash": "sha256-JkWu//XN9445MMymjU+56BUwqL9xqdFk/QlfTfABl44=",
        "owner": "nvim-neotest",
        "repo": "neotest",
        "rev": "fb84d87285698f7055f618083c351984449119b8",
        "type": "github"
      },
      "original": {
        "owner": "nvim-neotest",
        "repo": "neotest",
        "type": "github"
      }
    },
    "neovim-src": {
      "flake": false,
      "locked": {
        "lastModified": 1780615809,
        "narHash": "sha256-jjWG7cFKuyMkorunK8oWs4JxG9VZ7Rhc4GR8tPq4i+E=",
        "owner": "neovim",
        "repo": "neovim",
        "rev": "b26fad2a6946ab4cb325dc25b8b83a95f57c00a1",
        "type": "github"
      },
      "original": {
        "owner": "neovim",
        "ref": "pull/39773/head",
        "repo": "neovim",
        "type": "github"
      }
    },
    "nix-community-neovim": {
      "inputs": {
        "flake-parts": "flake-parts",
        "neovim-src": [
          "neovim-src"
        ],
        "nixpkgs": "nixpkgs_2"
      },
      "locked": {
        "lastModified": 1783037099,
        "narHash": "sha256-ztwSAK8/iu9LPneunqQ/z8qJKazjNG7eqznPF6ups9A=",
        "owner": "nix-community",
        "repo": "neovim-nightly-overlay",
        "rev": "b49d6de9aa62797fd3aee622f5b981b8885b96af",
        "type": "github"
      },
      "original": {
        "owner": "nix-community",
        "repo": "neovim-nightly-overlay",
        "type": "github"
      }
    },
    "nixpkgs": {
      "locked": {
        "lastModified": 1780749050,
        "narHash": "sha256-G5B1h4sOH4DN/RZ85xYi6zPm2MHdOrNMeUmMslZ28Qs=",
        "rev": "a799d3e3886da994fa307f817a6bc705ae538eeb",
        "type": "tarball",
        "url": "https://releases.nixos.org/nixos/unstable/nixos-26.11pre1011622.a799d3e3886d/nixexprs.tar.xz"
      },
      "original": {
        "type": "tarball",
        "url": "https://channels.nixos.org/nixos-unstable/nixexprs.tar.xz"
      }
    },
    "nixpkgs_2": {
      "locked": {
        "lastModified": 1782918843,
        "narHash": "sha256-ETYnV9U7Sr+A45dohzZdfCZKOss4qrTkO+wgNZNvEc0=",
        "owner": "NixOS",
        "repo": "nixpkgs",
        "rev": "e8273b29fe1390ec8d4603f2477357555291432e",
        "type": "github"
      },
      "original": {
        "owner": "NixOS",
        "ref": "nixpkgs-unstable",
        "repo": "nixpkgs",
        "type": "github"
      }
    },
    "nixpkgs_3": {
      "locked": {
        "lastModified": 1782723713,
        "narHash": "sha256-oPXCU/SSUokcGaJREHibG1CBX3+s/W7orDWQOZDsEeQ=",
        "owner": "NixOS",
        "repo": "nixpkgs",
        "rev": "b5aa0fbd538984f6e3d201be0005b4463d8b09f8",
        "type": "github"
      },
      "original": {
        "owner": "NixOS",
        "ref": "nixos-unstable",
        "repo": "nixpkgs",
        "type": "github"
      }
    },
    "nvim-autopairs": {
      "flake": false,
      "locked": {
        "lastModified": 1778204579,
        "narHash": "sha256-klOJgBPw8oGDnF9wKIpGDzuBY+tH1acRyvZSPR4wrjw=",
        "owner": "windwp",
        "repo": "nvim-autopairs",
        "rev": "7b9923abad60b903ece7c52940e1321d39eccc79",
        "type": "github"
      },
      "original": {
        "owner": "windwp",
        "repo": "nvim-autopairs",
        "type": "github"
      }
    },
    "nvim-colorizer-lua": {
      "flake": false,
      "locked": {
        "lastModified": 1746877543,
        "narHash": "sha256-0j1sivu7Nbit0wIthududqIGOP6TWELFQBHPAX9btZA=",
        "owner": "NiklasV1",
        "repo": "nvim-colorizer.lua",
        "rev": "a299361ac994b317ba933fd764c94bb550c4609e",
        "type": "github"
      },
      "original": {
        "owner": "NiklasV1",
        "repo": "nvim-colorizer.lua",
        "type": "github"
      }
    },
    "nvim-lastplace": {
      "flake": false,
      "locked": {
        "lastModified": 1690473226,
        "narHash": "sha256-jmF06Cl1ieYXKTnW9pWdQH4IJGicvSVJAR7ppju9qyg=",
        "owner": "ethanholz",
        "repo": "nvim-lastplace",
        "rev": "0bb6103c506315044872e0f84b1f736c4172bb20",
        "type": "github"
      },
      "original": {
        "owner": "ethanholz",
        "repo": "nvim-lastplace",
        "type": "github"
      }
    },
    "nvim-lint": {
      "flake": false,
      "locked": {
        "lastModified": 1782415683,
        "narHash": "sha256-pABhzTRkcxAT/ELeltz47eCAKCnzdoCtc2QRu3wm0xU=",
        "owner": "mfussenegger",
        "repo": "nvim-lint",
        "rev": "a219b2c9e5b4765e5c845aba119dad55806fcaf1",
        "type": "github"
      },
      "original": {
        "owner": "mfussenegger",
        "repo": "nvim-lint",
        "type": "github"
      }
    },
    "nvim-lspconfig": {
      "flake": false,
      "locked": {
        "lastModified": 1782925639,
        "narHash": "sha256-1dkozFPD2bsb1i4tCCIqy05BhjgvV71YvmSVv4a+jco=",
        "owner": "neovim",
        "repo": "nvim-lspconfig",
        "rev": "292f44408498103c47996ff5c18fd366293840d8",
        "type": "github"
      },
      "original": {
        "owner": "neovim",
        "repo": "nvim-lspconfig",
        "type": "github"
      }
    },
    "nvim-nio": {
      "flake": false,
      "locked": {
        "lastModified": 1737405073,
        "narHash": "sha256-eDbzJAGdUBhTwuD0Nt9FihZj1MmVdQfn/GKIybuu5a8=",
        "owner": "nvim-neotest",
        "repo": "nvim-nio",
        "rev": "21f5324bfac14e22ba26553caf69ec76ae8a7662",
        "type": "github"
      },
      "original": {
        "owner": "nvim-neotest",
        "repo": "nvim-nio",
        "type": "github"
      }
    },
    "nvim-notify": {
      "flake": false,
      "locked": {
        "lastModified": 1757190131,
        "narHash": "sha256-h7STMjY+CBTqBkIDJXgtJz4WhNeQ02ES2Jesi3jZXeM=",
        "owner": "rcarriga",
        "repo": "nvim-notify",
        "rev": "8701bece920b38ea289b457f902e2ad184131a5d",
        "type": "github"
      },
      "original": {
        "owner": "rcarriga",
        "repo": "nvim-notify",
        "type": "github"
      }
    },
    "nvim-surround": {
      "flake": false,
      "locked": {
        "lastModified": 1780960868,
        "narHash": "sha256-1aMDbmzCvOP5da/IUq0+B8GqkwvaMqfXAp9Q+MyIUZ0=",
        "owner": "kylechui",
        "repo": "nvim-surround",
        "rev": "8b47db616ef658b8fc27e61db2896aa2f40134de",
        "type": "github"
      },
      "original": {
        "owner": "kylechui",
        "repo": "nvim-surround",
        "type": "github"
      }
    },
    "nvim-treesitter": {
      "flake": false,
      "locked": {
        "lastModified": 1775221900,
        "narHash": "sha256-PQR6tFt4lCrAZNQG7BLMD1IiCKja9wDS1S4laGJf/HE=",
        "owner": "nvim-treesitter",
        "repo": "nvim-treesitter",
        "rev": "4916d6592ede8c07973490d9322f187e07dfefac",
        "type": "github"
      },
      "original": {
        "owner": "nvim-treesitter",
        "ref": "main",
        "repo": "nvim-treesitter",
        "type": "github"
      }
    },
    "nvim-treesitter-endwise": {
      "flake": false,
      "locked": {
        "lastModified": 1767007663,
        "narHash": "sha256-5l2XF8/sk94IWAauP1VDh4ylLcR5gXnoWCT01TjmHBc=",
        "owner": "RRethy",
        "repo": "nvim-treesitter-endwise",
        "rev": "8fe8a95630f4f2c72a87ba1927af649e0bfaa244",
        "type": "github"
      },
      "original": {
        "owner": "RRethy",
        "repo": "nvim-treesitter-endwise",
        "type": "github"
      }
    },
    "nvim-web-devicons": {
      "flake": false,
      "locked": {
        "lastModified": 1782879750,
        "narHash": "sha256-rlalKqmk6y5bl/YUlAJay/Fx7EYKPH8gnMqyvrsYC04=",
        "owner": "nvim-tree",
        "repo": "nvim-web-devicons",
        "rev": "dad71387de386a946b123079d0e53f23028f3abd",
        "type": "github"
      },
      "original": {
        "owner": "nvim-tree",
        "repo": "nvim-web-devicons",
        "type": "github"
      }
    },
    "plenary-nvim": {
      "flake": false,
      "locked": {
        "lastModified": 1775800366,
        "narHash": "sha256-nkfETDkPiE+Kd2BWYZijgUp9bP8RgFwRmvqJz2BMuq4=",
        "owner": "nvim-lua",
        "repo": "plenary.nvim",
        "rev": "74b06c6c75e4eeb3108ec01852001636d85a932b",
        "type": "github"
      },
      "original": {
        "owner": "nvim-lua",
        "repo": "plenary.nvim",
        "type": "github"
      }
    },
    "root": {
      "inputs": {
        "blink-cmp": "blink-cmp",
        "blink-emoji-nvim": "blink-emoji-nvim",
        "bufdelete-nvim": "bufdelete-nvim",
        "codediff-nvim": "codediff-nvim",
        "colorful-menu-nvim": "colorful-menu-nvim",
        "comment-nvim": "comment-nvim",
        "conform-nvim": "conform-nvim",
        "copilot-lua": "copilot-lua",
        "crates-nvim": "crates-nvim",
        "fzf-lua": "fzf-lua",
        "gitsigns-nvim": "gitsigns-nvim",
        "gruvbox-nvim": "gruvbox-nvim",
        "hop-nvim": "hop-nvim",
        "inc-rename-nvim": "inc-rename-nvim",
        "incline-nvim": "incline-nvim",
        "lsp-progress-nvim": "lsp-progress-nvim",
        "lualine-nvim": "lualine-nvim",
        "neotab-nvim": "neotab-nvim",
        "neotest": "neotest",
        "neovim-src": "neovim-src",
        "nix-community-neovim": "nix-community-neovim",
        "nixpkgs": "nixpkgs_3",
        "nvim-autopairs": "nvim-autopairs",
        "nvim-colorizer-lua": "nvim-colorizer-lua",
        "nvim-lastplace": "nvim-lastplace",
        "nvim-lint": "nvim-lint",
        "nvim-lspconfig": "nvim-lspconfig",
        "nvim-nio": "nvim-nio",
        "nvim-notify": "nvim-notify",
        "nvim-surround": "nvim-surround",
        "nvim-treesitter": "nvim-treesitter",
        "nvim-treesitter-endwise": "nvim-treesitter-endwise",
        "nvim-web-devicons": "nvim-web-devicons",
        "plenary-nvim": "plenary-nvim",
        "rustaceanvim": "rustaceanvim",
        "toggleterm-nvim": "toggleterm-nvim",
        "tokyonight-nvim": "tokyonight-nvim",
        "treefmt-nix": "treefmt-nix",
        "treesitter-modules-nvim": "treesitter-modules-nvim",
        "trouble-nvim": "trouble-nvim"
      }
    },
    "rustaceanvim": {
      "flake": false,
      "locked": {
        "lastModified": 1782755755,
        "narHash": "sha256-/oy5nmyr9HSjuwGZYdM5Bs0T68DuApjTYUua7umhijo=",
        "owner": "mrcjkb",
        "repo": "rustaceanvim",
        "rev": "24958d97c0e2393339e59404ebe7ee687951ea24",
        "type": "github"
      },
      "original": {
        "owner": "mrcjkb",
        "repo": "rustaceanvim",
        "type": "github"
      }
    },
    "toggleterm-nvim": {
      "flake": false,
      "locked": {
        "lastModified": 1741512039,
        "narHash": "sha256-fytbX+L12TK45YKFU9K+iFJcDrwboKabihc2LtX29J4=",
        "owner": "akinsho",
        "repo": "toggleterm.nvim",
        "rev": "9a88eae817ef395952e08650b3283726786fb5fb",
        "type": "github"
      },
      "original": {
        "owner": "akinsho",
        "repo": "toggleterm.nvim",
        "type": "github"
      }
    },
    "tokyonight-nvim": {
      "flake": false,
      "locked": {
        "lastModified": 1774363414,
        "narHash": "sha256-a9iRWue7DB7s/wNdxqqB51Jya5P9X6sDftqhdmKggU0=",
        "owner": "folke",
        "repo": "tokyonight.nvim",
        "rev": "cdc07ac78467a233fd62c493de29a17e0cf2b2b6",
        "type": "github"
      },
      "original": {
        "owner": "folke",
        "repo": "tokyonight.nvim",
        "type": "github"
      }
    },
    "treefmt-nix": {
      "inputs": {
        "nixpkgs": [
          "nixpkgs"
        ]
      },
      "locked": {
        "lastModified": 1780220602,
        "narHash": "sha256-eynAfOmbmxJnkp7YewvCEbShNnnYJ9gLLqkzsYtBPeM=",
        "owner": "numtide",
        "repo": "treefmt-nix",
        "rev": "db947814a175b7ca6ded66e21383d938df01c227",
        "type": "github"
      },
      "original": {
        "owner": "numtide",
        "repo": "treefmt-nix",
        "type": "github"
      }
    },
    "treesitter-modules-nvim": {
      "flake": false,
      "locked": {
        "lastModified": 1778562929,
        "narHash": "sha256-3pSVcSJDNIEt6JwCBmgzGDFk1DdPuhN5XQNi59L+YmQ=",
        "owner": "MeanderingProgrammer",
        "repo": "treesitter-modules.nvim",
        "rev": "290eec96bfc43ed28264661dd30e894a60c4b99c",
        "type": "github"
      },
      "original": {
        "owner": "MeanderingProgrammer",
        "repo": "treesitter-modules.nvim",
        "type": "github"
      }
    },
    "trouble-nvim": {
      "flake": false,
      "locked": {
        "lastModified": 1761919011,
        "narHash": "sha256-6U/KWjvRMxWIxcsI2xNU/ltfgkaFG4E3BdzC7brK/DI=",
        "owner": "folke",
        "repo": "trouble.nvim",
        "rev": "bd67efe408d4816e25e8491cc5ad4088e708a69a",
        "type": "github"
      },
      "original": {
        "owner": "folke",
        "repo": "trouble.nvim",
        "type": "github"
      }
    }
  },
  "root": "root",
  "version": 7
}
